
Microsoft Visual Studio Solution File, Format Version 12.00
# Visual Studio Version 16
VisualStudioVersion = 16.0.31313.79
MinimumVisualStudioVersion = 10.0.40219.1
Project("{FAE04EC0-301F-11D3-BF4B-00C04F79EFBC}") = "WpfApptEST", "WpfApptEST\WpfApptEST.csproj", "{E3A6AA29-F8DD-4723-9ACB-5FDC0FC82CD7}"
EndProject
Global
	GlobalSection(SolutionConfigurationPlatforms) = preSolution
		Debug|Any CPU = Debug|Any CPU
		Release|Any CPU = Release|Any CPU
	EndGlobalSection
	GlobalSection(ProjectConfigurationPlatforms) = postSolution
		{E3A6AA29-F8DD-4723-9ACB-5FDC0FC82CD7}.Debug|Any CPU.ActiveCfg = Debug|Any CPU
		{E3A6AA29-F8DD-4723-9ACB-5FDC0FC82CD7}.Debug|Any CPU.Build.0 = Debug|Any CPU
		{E3A6AA29-F8DD-4723-9ACB-5FDC0FC82CD7}.Release|Any CPU.ActiveCfg = Release|Any CPU
		{E3A6AA29-F8DD-4723-9ACB-5FDC0FC82CD7}.Release|Any CPU.Build.0 = Release|Any CPU
	EndGlobalSection
	GlobalSection(SolutionProperties) = preSolution
		HideSolutionNode = FALSE
	EndGlobalSection
	GlobalSection(ExtensibilityGlobals) = postSolution
		SolutionGuid = {2A9049E9-504A-4AD3-8E40-9E50B2A74E83}
	EndGlobalSection
EndGlobal
